
Microsoft Visual Studio Solution File, Format Version 12.00
# Visual Studio 15
VisualStudioVersion = 15.0.27004.2009
MinimumVisualStudioVersion = 10.0.40219.1
Project("{8BC9CEB8-8B4A-11D0-8D11-00A0C91BC942}") = "FIST", "FIST.vcxproj", "{E9B51CDD-AD3D-41B2-9D90-AB1E51CC7605}"
EndProject
Project("{8BC9CEB8-8B4A-11D0-8D11-00A0C91BC942}") = "colorTransfer", "colorTransfer.vcxproj", "{33CBBB50-BD32-4CB3-A2FD-2B576E39757A}"
EndProject
Global
	GlobalSection(SolutionConfigurationPlatforms) = preSolution
		Debug|x64 = Debug|x64
		Debug|x86 = Debug|x86
		Release|x64 = Release|x64
		Release|x86 = Release|x86
	EndGlobalSection
	GlobalSection(ProjectConfigurationPlatforms) = postSolution
		{E9B51CDD-AD3D-41B2-9D90-AB1E51CC7605}.Debug|x64.ActiveCfg = Debug|x64
		{E9B51CDD-AD3D-41B2-9D90-AB1E51CC7605}.Debug|x64.Build.0 = Debug|x64
		{E9B51CDD-AD3D-41B2-9D90-AB1E51CC7605}.Debug|x86.ActiveCfg = Debug|Win32
		{E9B51CDD-AD3D-41B2-9D90-AB1E51CC7605}.Debug|x86.Build.0 = Debug|Win32
		{E9B51CDD-AD3D-41B2-9D90-AB1E51CC7605}.Release|x64.ActiveCfg = Release|x64
		{E9B51CDD-AD3D-41B2-9D90-AB1E51CC7605}.Release|x64.Build.0 = Release|x64
		{E9B51CDD-AD3D-41B2-9D90-AB1E51CC7605}.Release|x86.ActiveCfg = Release|Win32
		{E9B51CDD-AD3D-41B2-9D90-AB1E51CC7605}.Release|x86.Build.0 = Release|Win32
		{33CBBB50-BD32-4CB3-A2FD-2B576E39757A}.Debug|x64.ActiveCfg = Debug|x64
		{33CBBB50-BD32-4CB3-A2FD-2B576E39757A}.Debug|x64.Build.0 = Debug|x64
		{33CBBB50-BD32-4CB3-A2FD-2B576E39757A}.Debug|x86.ActiveCfg = Debug|Win32
		{33CBBB50-BD32-4CB3-A2FD-2B576E39757A}.Debug|x86.Build.0 = Debug|Win32
		{33CBBB50-BD32-4CB3-A2FD-2B576E39757A}.Release|x64.ActiveCfg = Release|x64
		{33CBBB50-BD32-4CB3-A2FD-2B576E39757A}.Release|x64.Build.0 = Release|x64
		{33CBBB50-BD32-4CB3-A2FD-2B576E39757A}.Release|x86.ActiveCfg = Release|Win32
		{33CBBB50-BD32-4CB3-A2FD-2B576E39757A}.Release|x86.Build.0 = Release|Win32
	EndGlobalSection
	GlobalSection(SolutionProperties) = preSolution
		HideSolutionNode = FALSE
	EndGlobalSection
	GlobalSection(ExtensibilityGlobals) = postSolution
		SolutionGuid = {E3062487-3B13-475F-A01C-1642C616E65E}
	EndGlobalSection
EndGlobal
